// !$*UTF8*$!
{
	archiveVersion = 1;
	classes = {
	};
	objectVersion = 56;
	objects = {

/* Begin PBXBuildFile section */
		25302428294B2A6300FA3B7A /* TripTapContainer.xcdatamodeld in Sources */ = {isa = PBXBuildFile; fileRef = 25302426294B2A6300FA3B7A /* TripTapContainer.xcdatamodeld */; };
		4C006BCD2941FC40000D5113 /* MapView.swift in Sources */ = {isa = PBXBuildFile; fileRef = 4C006BCC2941FC40000D5113 /* MapView.swift */; };
		4C006BCF29420A32000D5113 /* SearchTabView.swift in Sources */ = {isa = PBXBuildFile; fileRef = 4C006BCE29420A32000D5113 /* SearchTabView.swift */; };
		4C006BD329420FE5000D5113 /* AttractionsModel.swift in Sources */ = {isa = PBXBuildFile; fileRef = 4C006BD229420FE5000D5113 /* AttractionsModel.swift */; };
		4C0C8FF329422B520002432F /* LargeMapView.swift in Sources */ = {isa = PBXBuildFile; fileRef = 4C0C8FF229422B520002432F /* LargeMapView.swift */; };
		4C25C43A294099D2006C0918 /* TripTrapApp.swift in Sources */ = {isa = PBXBuildFile; fileRef = 4C25C439294099D2006C0918 /* TripTrapApp.swift */; };
		4C25C43E294099D3006C0918 /* Assets.xcassets in Resources */ = {isa = PBXBuildFile; fileRef = 4C25C43D294099D3006C0918 /* Assets.xcassets */; };
		4C25C441294099D3006C0918 /* Preview Assets.xcassets in Resources */ = {isa = PBXBuildFile; fileRef = 4C25C440294099D3006C0918 /* Preview Assets.xcassets */; };
		4C25C443294099D3006C0918 /* Persistence.swift in Sources */ = {isa = PBXBuildFile; fileRef = 4C25C442294099D3006C0918 /* Persistence.swift */; };
		4C25C44E29409C58006C0918 /* Home.swift in Sources */ = {isa = PBXBuildFile; fileRef = 4C25C44D29409C58006C0918 /* Home.swift */; };
		4C25C45229411B20006C0918 /* LocationModel.swift in Sources */ = {isa = PBXBuildFile; fileRef = 4C25C45129411B20006C0918 /* LocationModel.swift */; };
		4C25C456294122C3006C0918 /* ViewModel.swift in Sources */ = {isa = PBXBuildFile; fileRef = 4C25C455294122C3006C0918 /* ViewModel.swift */; };
		4C25C458294132D3006C0918 /* LocationManager.swift in Sources */ = {isa = PBXBuildFile; fileRef = 4C25C457294132D3006C0918 /* LocationManager.swift */; };
		4C731DB82947748E0001038C /* WikipediaModel.swift in Sources */ = {isa = PBXBuildFile; fileRef = 4C731DB72947748E0001038C /* WikipediaModel.swift */; };
		4C731DBA294782240001038C /* SearchRowView.swift in Sources */ = {isa = PBXBuildFile; fileRef = 4C731DB9294782240001038C /* SearchRowView.swift */; };
		4C881ADE2944921100E0B3DF /* AttractionDetailView.swift in Sources */ = {isa = PBXBuildFile; fileRef = 4C881ADD2944921100E0B3DF /* AttractionDetailView.swift */; };
		4C881AE02944B2D100E0B3DF /* CircleImage.swift in Sources */ = {isa = PBXBuildFile; fileRef = 4C881ADF2944B2D100E0B3DF /* CircleImage.swift */; };
		4C881AE52946222300E0B3DF /* JSONDecoderHelper.swift in Sources */ = {isa = PBXBuildFile; fileRef = 4C881AE42946222300E0B3DF /* JSONDecoderHelper.swift */; };
		4C881AE72946234A00E0B3DF /* SearchbarView.swift in Sources */ = {isa = PBXBuildFile; fileRef = 4C881AE62946234A00E0B3DF /* SearchbarView.swift */; };
		4CF969422947161500B5B4D3 /* TripModel.swift in Sources */ = {isa = PBXBuildFile; fileRef = 4CF969412947161500B5B4D3 /* TripModel.swift */; };
		AC945E3B2942CA7A00455E81 /* TripsMainView.swift in Sources */ = {isa = PBXBuildFile; fileRef = AC945E3A2942CA7A00455E81 /* TripsMainView.swift */; };
		ACC5856C2948798F002F5006 /* TripsRowView.swift in Sources */ = {isa = PBXBuildFile; fileRef = ACC5856B2948798F002F5006 /* TripsRowView.swift */; };
		ACC5856E2948C0C9002F5006 /* TripsDetailsView.swift in Sources */ = {isa = PBXBuildFile; fileRef = ACC5856D2948C0C9002F5006 /* TripsDetailsView.swift */; };
		ACC585702948C4D7002F5006 /* TripsInfoChipView.swift in Sources */ = {isa = PBXBuildFile; fileRef = ACC5856F2948C4D7002F5006 /* TripsInfoChipView.swift */; };
		ACC585722949BCC0002F5006 /* NewTripPlanView.swift in Sources */ = {isa = PBXBuildFile; fileRef = ACC585712949BCC0002F5006 /* NewTripPlanView.swift */; };
		ACC585762949DC85002F5006 /* TripDatePicker.swift in Sources */ = {isa = PBXBuildFile; fileRef = ACC585752949DC85002F5006 /* TripDatePicker.swift */; };
		ACC58578294A64F2002F5006 /* TripsListDummyView.swift in Sources */ = {isa = PBXBuildFile; fileRef = ACC58577294A64F2002F5006 /* TripsListDummyView.swift */; };
		ACC5857A294B3241002F5006 /* TripsDetailsDummyView.swift in Sources */ = {isa = PBXBuildFile; fileRef = ACC58579294B3241002F5006 /* TripsDetailsDummyView.swift */; };
/* End PBXBuildFile section */

/* Begin PBXFileReference section */
		25302427294B2A6300FA3B7A /* TripTapContainer.xcdatamodel */ = {isa = PBXFileReference; lastKnownFileType = wrapper.xcdatamodel; path = TripTapContainer.xcdatamodel; sourceTree = "<group>"; };
		4C006BCC2941FC40000D5113 /* MapView.swift */ = {isa = PBXFileReference; lastKnownFileType = sourcecode.swift; path = MapView.swift; sourceTree = "<group>"; };
		4C006BCE29420A32000D5113 /* SearchTabView.swift */ = {isa = PBXFileReference; lastKnownFileType = sourcecode.swift; path = SearchTabView.swift; sourceTree = "<group>"; };
		4C006BD229420FE5000D5113 /* AttractionsModel.swift */ = {isa = PBXFileReference; lastKnownFileType = sourcecode.swift; path = AttractionsModel.swift; sourceTree = "<group>"; };
		4C0C8FF229422B520002432F /* LargeMapView.swift */ = {isa = PBXFileReference; lastKnownFileType = sourcecode.swift; path = LargeMapView.swift; sourceTree = "<group>"; };
		4C25C436294099D2006C0918 /* TripTrap.app */ = {isa = PBXFileReference; explicitFileType = wrapper.application; includeInIndex = 0; path = TripTrap.app; sourceTree = BUILT_PRODUCTS_DIR; };
		4C25C439294099D2006C0918 /* TripTrapApp.swift */ = {isa = PBXFileReference; lastKnownFileType = sourcecode.swift; path = TripTrapApp.swift; sourceTree = "<group>"; };
		4C25C43D294099D3006C0918 /* Assets.xcassets */ = {isa = PBXFileReference; lastKnownFileType = folder.assetcatalog; path = Assets.xcassets; sourceTree = "<group>"; };
		4C25C440294099D3006C0918 /* Preview Assets.xcassets */ = {isa = PBXFileReference; lastKnownFileType = folder.assetcatalog; path = "Preview Assets.xcassets"; sourceTree = "<group>"; };
		4C25C442294099D3006C0918 /* Persistence.swift */ = {isa = PBXFileReference; lastKnownFileType = sourcecode.swift; path = Persistence.swift; sourceTree = "<group>"; };
		4C25C447294099D3006C0918 /* Info.plist */ = {isa = PBXFileReference; lastKnownFileType = text.plist.xml; path = Info.plist; sourceTree = "<group>"; };
		4C25C44D29409C58006C0918 /* Home.swift */ = {isa = PBXFileReference; lastKnownFileType = sourcecode.swift; path = Home.swift; sourceTree = "<group>"; };
		4C25C45129411B20006C0918 /* LocationModel.swift */ = {isa = PBXFileReference; fileEncoding = 4; lastKnownFileType = sourcecode.swift; path = LocationModel.swift; sourceTree = "<group>"; };
		4C25C455294122C3006C0918 /* ViewModel.swift */ = {isa = PBXFileReference; lastKnownFileType = sourcecode.swift; path = ViewModel.swift; sourceTree = "<group>"; };
		4C25C457294132D3006C0918 /* LocationManager.swift */ = {isa = PBXFileReference; lastKnownFileType = sourcecode.swift; path = LocationManager.swift; sourceTree = "<group>"; };
		4C731DB72947748E0001038C /* WikipediaModel.swift */ = {isa = PBXFileReference; lastKnownFileType = sourcecode.swift; path = WikipediaModel.swift; sourceTree = "<group>"; };
		4C731DB9294782240001038C /* SearchRowView.swift */ = {isa = PBXFileReference; lastKnownFileType = sourcecode.swift; path = SearchRowView.swift; sourceTree = "<group>"; };
		4C881ADD2944921100E0B3DF /* AttractionDetailView.swift */ = {isa = PBXFileReference; lastKnownFileType = sourcecode.swift; name = AttractionDetailView.swift; path = TripTrap/Views/AttractionDetailView.swift; sourceTree = SOURCE_ROOT; };
		4C881ADF2944B2D100E0B3DF /* CircleImage.swift */ = {isa = PBXFileReference; fileEncoding = 4; lastKnownFileType = sourcecode.swift; path = CircleImage.swift; sourceTree = "<group>"; };
		4C881AE42946222300E0B3DF /* JSONDecoderHelper.swift */ = {isa = PBXFileReference; lastKnownFileType = sourcecode.swift; path = JSONDecoderHelper.swift; sourceTree = "<group>"; };
		4C881AE62946234A00E0B3DF /* SearchbarView.swift */ = {isa = PBXFileReference; lastKnownFileType = sourcecode.swift; path = SearchbarView.swift; sourceTree = "<group>"; };
		4CF969412947161500B5B4D3 /* TripModel.swift */ = {isa = PBXFileReference; lastKnownFileType = sourcecode.swift; path = TripModel.swift; sourceTree = "<group>"; };
		AC945E3A2942CA7A00455E81 /* TripsMainView.swift */ = {isa = PBXFileReference; lastKnownFileType = sourcecode.swift; path = TripsMainView.swift; sourceTree = "<group>"; };
		ACC5856B2948798F002F5006 /* TripsRowView.swift */ = {isa = PBXFileReference; lastKnownFileType = sourcecode.swift; path = TripsRowView.swift; sourceTree = "<group>"; };
		ACC5856D2948C0C9002F5006 /* TripsDetailsView.swift */ = {isa = PBXFileReference; lastKnownFileType = sourcecode.swift; path = TripsDetailsView.swift; sourceTree = "<group>"; };
		ACC5856F2948C4D7002F5006 /* TripsInfoChipView.swift */ = {isa = PBXFileReference; lastKnownFileType = sourcecode.swift; path = TripsInfoChipView.swift; sourceTree = "<group>"; };
		ACC585712949BCC0002F5006 /* NewTripPlanView.swift */ = {isa = PBXFileReference; lastKnownFileType = sourcecode.swift; path = NewTripPlanView.swift; sourceTree = "<group>"; };
		ACC585752949DC85002F5006 /* TripDatePicker.swift */ = {isa = PBXFileReference; lastKnownFileType = sourcecode.swift; path = TripDatePicker.swift; sourceTree = "<group>"; };
		ACC58577294A64F2002F5006 /* TripsListDummyView.swift */ = {isa = PBXFileReference; lastKnownFileType = sourcecode.swift; path = TripsListDummyView.swift; sourceTree = "<group>"; };
		ACC58579294B3241002F5006 /* TripsDetailsDummyView.swift */ = {isa = PBXFileReference; lastKnownFileType = sourcecode.swift; path = TripsDetailsDummyView.swift; sourceTree = "<group>"; };
/* End PBXFileReference section */

/* Begin PBXFrameworksBuildPhase section */
		4C25C433294099D2006C0918 /* Frameworks */ = {
			isa = PBXFrameworksBuildPhase;
			buildActionMask = 2147483647;
			files = (
			);
			runOnlyForDeploymentPostprocessing = 0;
		};
/* End PBXFrameworksBuildPhase section */

/* Begin PBXGroup section */
		4C25C42D294099D2006C0918 = {
			isa = PBXGroup;
			children = (
				4C25C438294099D2006C0918 /* TripTrap */,
				4C25C437294099D2006C0918 /* Products */,
			);
			sourceTree = "<group>";
		};
		4C25C437294099D2006C0918 /* Products */ = {
			isa = PBXGroup;
			children = (
				4C25C436294099D2006C0918 /* TripTrap.app */,
			);
			name = Products;
			sourceTree = "<group>";
		};
		4C25C438294099D2006C0918 /* TripTrap */ = {
			isa = PBXGroup;
			children = (
				4C25C439294099D2006C0918 /* TripTrapApp.swift */,
				AC945E38294232CD00455E81 /* Utility */,
				AC945E372942329900455E81 /* Views */,
				AC945E362942329100455E81 /* Models */,
				4C881AE12944B2E400E0B3DF /* Helpers */,
				4C25C43D294099D3006C0918 /* Assets.xcassets */,
				4C25C447294099D3006C0918 /* Info.plist */,
				4C25C43F294099D3006C0918 /* Preview Content */,
			);
			path = TripTrap;
			sourceTree = "<group>";
		};
		4C25C43F294099D3006C0918 /* Preview Content */ = {
			isa = PBXGroup;
			children = (
				4C25C440294099D3006C0918 /* Preview Assets.xcassets */,
			);
			path = "Preview Content";
			sourceTree = "<group>";
		};
		4C881AE12944B2E400E0B3DF /* Helpers */ = {
			isa = PBXGroup;
			children = (
				4C881ADF2944B2D100E0B3DF /* CircleImage.swift */,
				4C881AE42946222300E0B3DF /* JSONDecoderHelper.swift */,
			);
			path = Helpers;
			sourceTree = "<group>";
		};
		AC945E362942329100455E81 /* Models */ = {
			isa = PBXGroup;
			children = (
				4C25C455294122C3006C0918 /* ViewModel.swift */,
				4C25C45129411B20006C0918 /* LocationModel.swift */,
				4C006BD229420FE5000D5113 /* AttractionsModel.swift */,
				4C731DB72947748E0001038C /* WikipediaModel.swift */,
				4CF969412947161500B5B4D3 /* TripModel.swift */,
			);
			path = Models;
			sourceTree = "<group>";
		};
		AC945E372942329900455E81 /* Views */ = {
			isa = PBXGroup;
			children = (
				4C25C44D29409C58006C0918 /* Home.swift */,
				4C881ADD2944921100E0B3DF /* AttractionDetailView.swift */,
				AC945E3C2942CE7C00455E81 /* Map */,
				AC945E392942CA5600455E81 /* Trips */,
				AC945E3D2942CEA200455E81 /* Search */,
			);
			path = Views;
			sourceTree = "<group>";
		};
		AC945E38294232CD00455E81 /* Utility */ = {
			isa = PBXGroup;
			children = (
				25302426294B2A6300FA3B7A /* TripTapContainer.xcdatamodeld */,
				4C25C442294099D3006C0918 /* Persistence.swift */,
				4C25C457294132D3006C0918 /* LocationManager.swift */,
			);
			path = Utility;
			sourceTree = "<group>";
		};
		AC945E392942CA5600455E81 /* Trips */ = {
			isa = PBXGroup;
			children = (
				AC945E3A2942CA7A00455E81 /* TripsMainView.swift */,
				ACC5856B2948798F002F5006 /* TripsRowView.swift */,
				ACC5856D2948C0C9002F5006 /* TripsDetailsView.swift */,
				ACC5856F2948C4D7002F5006 /* TripsInfoChipView.swift */,
				ACC585712949BCC0002F5006 /* NewTripPlanView.swift */,
				ACC585752949DC85002F5006 /* TripDatePicker.swift */,
				ACC58577294A64F2002F5006 /* TripsListDummyView.swift */,
				ACC58579294B3241002F5006 /* TripsDetailsDummyView.swift */,
			);
			path = Trips;
			sourceTree = "<group>";
		};
		AC945E3C2942CE7C00455E81 /* Map */ = {
			isa = PBXGroup;
			children = (
				4C0C8FF229422B520002432F /* LargeMapView.swift */,
				4C006BCC2941FC40000D5113 /* MapView.swift */,
			);
			path = Map;
			sourceTree = "<group>";
		};
		AC945E3D2942CEA200455E81 /* Search */ = {
			isa = PBXGroup;
			children = (
				4C006BCE29420A32000D5113 /* SearchTabView.swift */,
				4C731DB9294782240001038C /* SearchRowView.swift */,
				4C881AE62946234A00E0B3DF /* SearchbarView.swift */,
			);
			path = Search;
			sourceTree = "<group>";
		};
/* End PBXGroup section */

/* Begin PBXNativeTarget section */
		4C25C435294099D2006C0918 /* TripTrap */ = {
			isa = PBXNativeTarget;
			buildConfigurationList = 4C25C44A294099D3006C0918 /* Build configuration list for PBXNativeTarget "TripTrap" */;
			buildPhases = (
				4C25C432294099D2006C0918 /* Sources */,
				4C25C433294099D2006C0918 /* Frameworks */,
				4C25C434294099D2006C0918 /* Resources */,
			);
			buildRules = (
			);
			dependencies = (
			);
			name = TripTrap;
			productName = TripTrap;
			productReference = 4C25C436294099D2006C0918 /* TripTrap.app */;
			productType = "com.apple.product-type.application";
		};
/* End PBXNativeTarget section */

/* Begin PBXProject section */
		4C25C42E294099D2006C0918 /* Project object */ = {
			isa = PBXProject;
			attributes = {
				BuildIndependentTargetsInParallel = 1;
				LastSwiftUpdateCheck = 1410;
				LastUpgradeCheck = 1410;
				TargetAttributes = {
					4C25C435294099D2006C0918 = {
						CreatedOnToolsVersion = 14.1;
					};
				};
			};
			buildConfigurationList = 4C25C431294099D2006C0918 /* Build configuration list for PBXProject "TripTrap" */;
			compatibilityVersion = "Xcode 14.0";
			developmentRegion = en;
			hasScannedForEncodings = 0;
			knownRegions = (
				en,
				Base,
			);
			mainGroup = 4C25C42D294099D2006C0918;
			productRefGroup = 4C25C437294099D2006C0918 /* Products */;
			projectDirPath = "";
			projectRoot = "";
			targets = (
				4C25C435294099D2006C0918 /* TripTrap */,
			);
		};
/* End PBXProject section */

/* Begin PBXResourcesBuildPhase section */
		4C25C434294099D2006C0918 /* Resources */ = {
			isa = PBXResourcesBuildPhase;
			buildActionMask = 2147483647;
			files = (
				4C25C441294099D3006C0918 /* Preview Assets.xcassets in Resources */,
				4C25C43E294099D3006C0918 /* Assets.xcassets in Resources */,
			);
			runOnlyForDeploymentPostprocessing = 0;
		};
/* End PBXResourcesBuildPhase section */

/* Begin PBXSourcesBuildPhase section */
		4C25C432294099D2006C0918 /* Sources */ = {
			isa = PBXSourcesBuildPhase;
			buildActionMask = 2147483647;
			files = (
				4C006BCF29420A32000D5113 /* SearchTabView.swift in Sources */,
				4CF969422947161500B5B4D3 /* TripModel.swift in Sources */,
				ACC5856E2948C0C9002F5006 /* TripsDetailsView.swift in Sources */,
				ACC585722949BCC0002F5006 /* NewTripPlanView.swift in Sources */,
				4C731DBA294782240001038C /* SearchRowView.swift in Sources */,
				4C25C443294099D3006C0918 /* Persistence.swift in Sources */,
				ACC585762949DC85002F5006 /* TripDatePicker.swift in Sources */,
				4C731DB82947748E0001038C /* WikipediaModel.swift in Sources */,
				4C881ADE2944921100E0B3DF /* AttractionDetailView.swift in Sources */,
				4C006BD329420FE5000D5113 /* AttractionsModel.swift in Sources */,
				4C25C44E29409C58006C0918 /* Home.swift in Sources */,
				AC945E3B2942CA7A00455E81 /* TripsMainView.swift in Sources */,
				4C25C43A294099D2006C0918 /* TripTrapApp.swift in Sources */,
				4C25C458294132D3006C0918 /* LocationManager.swift in Sources */,
				4C25C45229411B20006C0918 /* LocationModel.swift in Sources */,
				4C0C8FF329422B520002432F /* LargeMapView.swift in Sources */,
				ACC5857A294B3241002F5006 /* TripsDetailsDummyView.swift in Sources */,
				4C25C446294099D3006C0918 /* TripTrap.xcdatamodeld in Sources */,
				4C25C456294122C3006C0918 /* ViewModel.swift in Sources */,
				4C881AE72946234A00E0B3DF /* SearchbarView.swift in Sources */,
				4C881AE52946222300E0B3DF /* JSONDecoderHelper.swift in Sources */,
				4C006BCD2941FC40000D5113 /* MapView.swift in Sources */,
				ACC58578294A64F2002F5006 /* TripsListDummyView.swift in Sources */,
				ACC5856C2948798F002F5006 /* TripsRowView.swift in Sources */,
				4C881AE02944B2D100E0B3DF /* CircleImage.swift in Sources */,
				ACC585702948C4D7002F5006 /* TripsInfoChipView.swift in Sources */,
				25302428294B2A6300FA3B7A /* TripTapContainer.xcdatamodeld in Sources */,
			);
			runOnlyForDeploymentPostprocessing = 0;
		};
/* End PBXSourcesBuildPhase section */

/* Begin XCBuildConfiguration section */
		4C25C448294099D3006C0918 /* Debug */ = {
			isa = XCBuildConfiguration;
			buildSettings = {
				ALWAYS_SEARCH_USER_PATHS = NO;
				CLANG_ANALYZER_NONNULL = YES;
				CLANG_ANALYZER_NUMBER_OBJECT_CONVERSION = YES_AGGRESSIVE;
				CLANG_CXX_LANGUAGE_STANDARD = "gnu++20";
				CLANG_ENABLE_MODULES = YES;
				CLANG_ENABLE_OBJC_ARC = YES;
				CLANG_ENABLE_OBJC_WEAK = YES;
				CLANG_WARN_BLOCK_CAPTURE_AUTORELEASING = YES;
				CLANG_WARN_BOOL_CONVERSION = YES;
				CLANG_WARN_COMMA = YES;
				CLANG_WARN_CONSTANT_CONVERSION = YES;
				CLANG_WARN_DEPRECATED_OBJC_IMPLEMENTATIONS = YES;
				CLANG_WARN_DIRECT_OBJC_ISA_USAGE = YES_ERROR;
				CLANG_WARN_DOCUMENTATION_COMMENTS = YES;
				CLANG_WARN_EMPTY_BODY = YES;
				CLANG_WARN_ENUM_CONVERSION = YES;
				CLANG_WARN_INFINITE_RECURSION = YES;
				CLANG_WARN_INT_CONVERSION = YES;
				CLANG_WARN_NON_LITERAL_NULL_CONVERSION = YES;
				CLANG_WARN_OBJC_IMPLICIT_RETAIN_SELF = YES;
				CLANG_WARN_OBJC_LITERAL_CONVERSION = YES;
				CLANG_WARN_OBJC_ROOT_CLASS = YES_ERROR;
				CLANG_WARN_QUOTED_INCLUDE_IN_FRAMEWORK_HEADER = YES;
				CLANG_WARN_RANGE_LOOP_ANALYSIS = YES;
				CLANG_WARN_STRICT_PROTOTYPES = YES;
				CLANG_WARN_SUSPICIOUS_MOVE = YES;
				CLANG_WARN_UNGUARDED_AVAILABILITY = YES_AGGRESSIVE;
				CLANG_WARN_UNREACHABLE_CODE = YES;
				CLANG_WARN__DUPLICATE_METHOD_MATCH = YES;
				COPY_PHASE_STRIP = NO;
				DEBUG_INFORMATION_FORMAT = dwarf;
				ENABLE_STRICT_OBJC_MSGSEND = YES;
				ENABLE_TESTABILITY = YES;
				GCC_C_LANGUAGE_STANDARD = gnu11;
				GCC_DYNAMIC_NO_PIC = NO;
				GCC_NO_COMMON_BLOCKS = YES;
				GCC_OPTIMIZATION_LEVEL = 0;
				GCC_PREPROCESSOR_DEFINITIONS = (
					"DEBUG=1",
					"$(inherited)",
				);
				GCC_WARN_64_TO_32_BIT_CONVERSION = YES;
				GCC_WARN_ABOUT_RETURN_TYPE = YES_ERROR;
				GCC_WARN_UNDECLARED_SELECTOR = YES;
				GCC_WARN_UNINITIALIZED_AUTOS = YES_AGGRESSIVE;
				GCC_WARN_UNUSED_FUNCTION = YES;
				GCC_WARN_UNUSED_VARIABLE = YES;
				IPHONEOS_DEPLOYMENT_TARGET = 16.1;
				MTL_ENABLE_DEBUG_INFO = INCLUDE_SOURCE;
				MTL_FAST_MATH = YES;
				ONLY_ACTIVE_ARCH = YES;
				SDKROOT = iphoneos;
				SWIFT_ACTIVE_COMPILATION_CONDITIONS = DEBUG;
				SWIFT_OPTIMIZATION_LEVEL = "-Onone";
			};
			name = Debug;
		};
		4C25C449294099D3006C0918 /* Release */ = {
			isa = XCBuildConfiguration;
			buildSettings = {
				ALWAYS_SEARCH_USER_PATHS = NO;
				CLANG_ANALYZER_NONNULL = YES;
				CLANG_ANALYZER_NUMBER_OBJECT_CONVERSION = YES_AGGRESSIVE;
				CLANG_CXX_LANGUAGE_STANDARD = "gnu++20";
				CLANG_ENABLE_MODULES = YES;
				CLANG_ENABLE_OBJC_ARC = YES;
				CLANG_ENABLE_OBJC_WEAK = YES;
				CLANG_WARN_BLOCK_CAPTURE_AUTORELEASING = YES;
				CLANG_WARN_BOOL_CONVERSION = YES;
				CLANG_WARN_COMMA = YES;
				CLANG_WARN_CONSTANT_CONVERSION = YES;
				CLANG_WARN_DEPRECATED_OBJC_IMPLEMENTATIONS = YES;
				CLANG_WARN_DIRECT_OBJC_ISA_USAGE = YES_ERROR;
				CLANG_WARN_DOCUMENTATION_COMMENTS = YES;
				CLANG_WARN_EMPTY_BODY = YES;
				CLANG_WARN_ENUM_CONVERSION = YES;
				CLANG_WARN_INFINITE_RECURSION = YES;
				CLANG_WARN_INT_CONVERSION = YES;
				CLANG_WARN_NON_LITERAL_NULL_CONVERSION = YES;
				CLANG_WARN_OBJC_IMPLICIT_RETAIN_SELF = YES;
				CLANG_WARN_OBJC_LITERAL_CONVERSION = YES;
				CLANG_WARN_OBJC_ROOT_CLASS = YES_ERROR;
				CLANG_WARN_QUOTED_INCLUDE_IN_FRAMEWORK_HEADER = YES;
				CLANG_WARN_RANGE_LOOP_ANALYSIS = YES;
				CLANG_WARN_STRICT_PROTOTYPES = YES;
				CLANG_WARN_SUSPICIOUS_MOVE = YES;
				CLANG_WARN_UNGUARDED_AVAILABILITY = YES_AGGRESSIVE;
				CLANG_WARN_UNREACHABLE_CODE = YES;
				CLANG_WARN__DUPLICATE_METHOD_MATCH = YES;
				COPY_PHASE_STRIP = NO;
				DEBUG_INFORMATION_FORMAT = "dwarf-with-dsym";
				ENABLE_NS_ASSERTIONS = NO;
				ENABLE_STRICT_OBJC_MSGSEND = YES;
				GCC_C_LANGUAGE_STANDARD = gnu11;
				GCC_NO_COMMON_BLOCKS = YES;
				GCC_WARN_64_TO_32_BIT_CONVERSION = YES;
				GCC_WARN_ABOUT_RETURN_TYPE = YES_ERROR;
				GCC_WARN_UNDECLARED_SELECTOR = YES;
				GCC_WARN_UNINITIALIZED_AUTOS = YES_AGGRESSIVE;
				GCC_WARN_UNUSED_FUNCTION = YES;
				GCC_WARN_UNUSED_VARIABLE = YES;
				IPHONEOS_DEPLOYMENT_TARGET = 16.1;
				MTL_ENABLE_DEBUG_INFO = NO;
				MTL_FAST_MATH = YES;
				SDKROOT = iphoneos;
				SWIFT_COMPILATION_MODE = wholemodule;
				SWIFT_OPTIMIZATION_LEVEL = "-O";
				VALIDATE_PRODUCT = YES;
			};
			name = Release;
		};
		4C25C44B294099D3006C0918 /* Debug */ = {
			isa = XCBuildConfiguration;
			buildSettings = {
				ASSETCATALOG_COMPILER_APPICON_NAME = AppIcon;
				ASSETCATALOG_COMPILER_GLOBAL_ACCENT_COLOR_NAME = AccentColor;
				CODE_SIGN_STYLE = Automatic;
				CURRENT_PROJECT_VERSION = 1;
				DEVELOPMENT_ASSET_PATHS = "\"TripTrap/Preview Content\"";
				DEVELOPMENT_TEAM = U77Q6FJLJF;
				ENABLE_PREVIEWS = YES;
				GENERATE_INFOPLIST_FILE = YES;
				INFOPLIST_KEY_CFBundleDisplayName = TripTap;
				INFOPLIST_KEY_LSApplicationCategoryType = "public.app-category.travel";
				INFOPLIST_KEY_NSLocationWhenInUseUsageDescription = "TripTap uses your location to make finding local attractions easier";
				INFOPLIST_KEY_UIApplicationSceneManifest_Generation = YES;
				INFOPLIST_KEY_UIApplicationSupportsIndirectInputEvents = YES;
				INFOPLIST_KEY_UILaunchScreen_Generation = YES;
				INFOPLIST_KEY_UISupportedInterfaceOrientations = UIInterfaceOrientationPortrait;
				INFOPLIST_KEY_UISupportedInterfaceOrientations_iPad = "UIInterfaceOrientationLandscapeLeft UIInterfaceOrientationLandscapeRight UIInterfaceOrientationPortrait UIInterfaceOrientationPortraitUpsideDown";
				LD_RUNPATH_SEARCH_PATHS = (
					"$(inherited)",
					"@executable_path/Frameworks",
				);
				MARKETING_VERSION = 1.0;
				PRODUCT_BUNDLE_IDENTIFIER = com.eireware.TripTrap;
				PRODUCT_NAME = "$(TARGET_NAME)";
				SUPPORTED_PLATFORMS = "iphoneos iphonesimulator";
				SUPPORTS_MACCATALYST = NO;
				SUPPORTS_MAC_DESIGNED_FOR_IPHONE_IPAD = NO;
				SWIFT_EMIT_LOC_STRINGS = YES;
				SWIFT_VERSION = 5.0;
				TARGETED_DEVICE_FAMILY = 1;
			};
			name = Debug;
		};
		4C25C44C294099D3006C0918 /* Release */ = {
			isa = XCBuildConfiguration;
			buildSettings = {
				ASSETCATALOG_COMPILER_APPICON_NAME = AppIcon;
				ASSETCATALOG_COMPILER_GLOBAL_ACCENT_COLOR_NAME = AccentColor;
				CODE_SIGN_STYLE = Automatic;
				CURRENT_PROJECT_VERSION = 1;
				DEVELOPMENT_ASSET_PATHS = "\"TripTrap/Preview Content\"";
				DEVELOPMENT_TEAM = U77Q6FJLJF;
				ENABLE_PREVIEWS = YES;
				GENERATE_INFOPLIST_FILE = YES;
				INFOPLIST_KEY_CFBundleDisplayName = TripTap;
				INFOPLIST_KEY_LSApplicationCategoryType = "public.app-category.travel";
				INFOPLIST_KEY_NSLocationWhenInUseUsageDescription = "TripTap uses your location to make finding local attractions easier";
				INFOPLIST_KEY_UIApplicationSceneManifest_Generation = YES;
				INFOPLIST_KEY_UIApplicationSupportsIndirectInputEvents = YES;
				INFOPLIST_KEY_UILaunchScreen_Generation = YES;
				INFOPLIST_KEY_UISupportedInterfaceOrientations = UIInterfaceOrientationPortrait;
				INFOPLIST_KEY_UISupportedInterfaceOrientations_iPad = "UIInterfaceOrientationLandscapeLeft UIInterfaceOrientationLandscapeRight UIInterfaceOrientationPortrait UIInterfaceOrientationPortraitUpsideDown";
				LD_RUNPATH_SEARCH_PATHS = (
					"$(inherited)",
					"@executable_path/Frameworks",
				);
				MARKETING_VERSION = 1.0;
				PRODUCT_BUNDLE_IDENTIFIER = com.eireware.TripTrap;
				PRODUCT_NAME = "$(TARGET_NAME)";
				SUPPORTED_PLATFORMS = "iphoneos iphonesimulator";
				SUPPORTS_MACCATALYST = NO;
				SUPPORTS_MAC_DESIGNED_FOR_IPHONE_IPAD = NO;
				SWIFT_EMIT_LOC_STRINGS = YES;
				SWIFT_VERSION = 5.0;
				TARGETED_DEVICE_FAMILY = 1;
			};
			name = Release;
		};
/* End XCBuildConfiguration section */

/* Begin XCConfigurationList section */
		4C25C431294099D2006C0918 /* Build configuration list for PBXProject "TripTrap" */ = {
			isa = XCConfigurationList;
			buildConfigurations = (
				4C25C448294099D3006C0918 /* Debug */,
				4C25C449294099D3006C0918 /* Release */,
			);
			defaultConfigurationIsVisible = 0;
			defaultConfigurationName = Release;
		};
		4C25C44A294099D3006C0918 /* Build configuration list for PBXNativeTarget "TripTrap" */ = {
			isa = XCConfigurationList;
			buildConfigurations = (
				4C25C44B294099D3006C0918 /* Debug */,
				4C25C44C294099D3006C0918 /* Release */,
			);
			defaultConfigurationIsVisible = 0;
			defaultConfigurationName = Release;
		};
/* End XCConfigurationList section */

/* Begin XCVersionGroup section */
		25302426294B2A6300FA3B7A /* TripTapContainer.xcdatamodeld */ = {
			isa = XCVersionGroup;
			children = (
				25302427294B2A6300FA3B7A /* TripTapContainer.xcdatamodel */,
			);
			currentVersion = 25302427294B2A6300FA3B7A /* TripTapContainer.xcdatamodel */;
			path = TripTapContainer.xcdatamodeld;
			sourceTree = "<group>";
			versionGroupType = wrapper.xcdatamodel;
		};
/* End XCVersionGroup section */
	};
	rootObject = 4C25C42E294099D2006C0918 /* Project object */;
}
